{
  "name": "github-svepmr",
  "version": "0.1.0",
  "lockfileVersion": 2,
  "requires": true,
  "packages": {
    "": {
      "dependencies": {
        "ssh2": "latest"
      }
    },
    "node_modules/asn1": {
      "version": "0.1.11",
      "resolved": "https://registry.npmjs.org/asn1/-/asn1-0.1.11.tgz",
      "integrity": "sha512-Fh9zh3G2mZ8qM/kwsiKwL2U2FmXxVsboP4x1mXjnhKHv3SmzaBZoYvxEQJz/YS2gnCgd8xlAVWcZnQyC9qZBsA==",
      "engines": {
        "node": ">=0.4.9"
      }
    },
    "node_modules/ssh2": {
      "version": "0.2.25",
      "resolved": "https://registry.npmjs.org/ssh2/-/ssh2-0.2.25.tgz",
      "integrity": "sha512-rP2quKAFillQrwqq53rGnGqKIKp+7ufwrcgWAwcDGK7vogN/9G3ZdY5HYUfqHoY8w2tWUZ6VAEl9ranxU2SPSg==",
      "dependencies": {
        "asn1": "0.1.11",
        "streamsearch": "0.1.2"
      },
      "engines": {
        "node": ">=0.8.7"
      }
    },
    "node_modules/streamsearch": {
      "version": "0.1.2",
      "resolved": "https://registry.npmjs.org/streamsearch/-/streamsearch-0.1.2.tgz",
      "integrity": "sha512-jos8u++JKm0ARcSUTAZXOVC0mSox7Bhn6sBgty73P1f3JGf7yG2clTbBNHUdde/kdvP2FESam+vM6l8jBrNxHA==",
      "engines": {
        "node": ">=0.8.0"
      }
    }
  },
  "dependencies": {
    "asn1": {
      "version": "0.1.11",
      "resolved": "https://registry.npmjs.org/asn1/-/asn1-0.1.11.tgz",
      "integrity": "sha512-Fh9zh3G2mZ8qM/kwsiKwL2U2FmXxVsboP4x1mXjnhKHv3SmzaBZoYvxEQJz/YS2gnCgd8xlAVWcZnQyC9qZBsA=="
    },
    "ssh2": {
      "version": "0.2.25",
      "resolved": "https://registry.npmjs.org/ssh2/-/ssh2-0.2.25.tgz",
      "integrity": "sha512-rP2quKAFillQrwqq53rGnGqKIKp+7ufwrcgWAwcDGK7vogN/9G3ZdY5HYUfqHoY8w2tWUZ6VAEl9ranxU2SPSg==",
      "requires": {
        "asn1": "0.1.11",
        "streamsearch": "0.1.2"
      }
    },
    "streamsearch": {
      "version": "0.1.2",
      "resolved": "https://registry.npmjs.org/streamsearch/-/streamsearch-0.1.2.tgz",
      "integrity": "sha512-jos8u++JKm0ARcSUTAZXOVC0mSox7Bhn6sBgty73P1f3JGf7yG2clTbBNHUdde/kdvP2FESam+vM6l8jBrNxHA=="
    }
  }
}
